
Microsoft Visual Studio Solution File, Format Version 12.00
# Visual Studio Version 17
VisualStudioVersion = 17.7.34202.233
MinimumVisualStudioVersion = 10.0.40219.1
Project("{FAE04EC0-301F-11D3-BF4B-00C04F79EFBC}") = "c#", "c#\c#.csproj", "{C5259802-A011-476A-BF02-5BE9B98F6505}"
EndProject
Global
	GlobalSection(SolutionConfigurationPlatforms) = preSolution
		Debug|Any CPU = Debug|Any CPU
		Release|Any CPU = Release|Any CPU
	EndGlobalSection
	GlobalSection(ProjectConfigurationPlatforms) = postSolution
		{C5259802-A011-476A-BF02-5BE9B98F6505}.Debug|Any CPU.ActiveCfg = Debug|Any CPU
		{C5259802-A011-476A-BF02-5BE9B98F6505}.Debug|Any CPU.Build.0 = Debug|Any CPU
		{C5259802-A011-476A-BF02-5BE9B98F6505}.Release|Any CPU.ActiveCfg = Release|Any CPU
		{C5259802-A011-476A-BF02-5BE9B98F6505}.Release|Any CPU.Build.0 = Release|Any CPU
	EndGlobalSection
	GlobalSection(SolutionProperties) = preSolution
		HideSolutionNode = FALSE
	EndGlobalSection
	GlobalSection(ExtensibilityGlobals) = postSolution
		SolutionGuid = {38451780-F1D8-45C6-B019-25467F7C3E60}
	EndGlobalSection
EndGlobal
